
Microsoft Visual Studio Solution File, Format Version 12.00
# Visual Studio Version 16
VisualStudioVersion = 16.0.29519.87
MinimumVisualStudioVersion = 10.0.40219.1
Project("{FAE04EC0-301F-11D3-BF4B-00C04F79EFBC}") = "SorteadorDePeladeiro", "SorteadorDePeladeiro\SorteadorDePeladeiro.csproj", "{A3B6E074-2758-45A6-AC8A-ACE3BC2C713F}"
EndProject
Global
	GlobalSection(SolutionConfigurationPlatforms) = preSolution
		Debug|Any CPU = Debug|Any CPU
		Release|Any CPU = Release|Any CPU
	EndGlobalSection
	GlobalSection(ProjectConfigurationPlatforms) = postSolution
		{A3B6E074-2758-45A6-AC8A-ACE3BC2C713F}.Debug|Any CPU.ActiveCfg = Debug|Any CPU
		{A3B6E074-2758-45A6-AC8A-ACE3BC2C713F}.Debug|Any CPU.Build.0 = Debug|Any CPU
		{A3B6E074-2758-45A6-AC8A-ACE3BC2C713F}.Release|Any CPU.ActiveCfg = Release|Any CPU
		{A3B6E074-2758-45A6-AC8A-ACE3BC2C713F}.Release|Any CPU.Build.0 = Release|Any CPU
	EndGlobalSection
	GlobalSection(SolutionProperties) = preSolution
		HideSolutionNode = FALSE
	EndGlobalSection
	GlobalSection(ExtensibilityGlobals) = postSolution
		SolutionGuid = {46D3C058-4513-4F05-8746-6922BEBF4735}
	EndGlobalSection
EndGlobal
